{
  "version": "5",
  "specifiers": {
    "jsr:@std/assert@^1.0.19": "1.0.19",
    "jsr:@std/internal@^1.0.12": "1.0.14",
    "npm:@atiproto/atproto-attestation@0.1.0": "0.1.0",
    "npm:@atproto/api@0.16.4": "0.16.4",
    "npm:@atproto/crypto@0.2.0": "0.2.0",
    "npm:@atproto/identity@0.2.1": "0.2.1",
    "npm:@atproto/oauth-client-browser@0.3.29": "0.3.29",
    "npm:@atproto/xrpc@0.8.0": "0.8.0",
    "npm:@ipld/dag-cbor@9": "9.2.7",
    "npm:@noble/curves@^1.9.7": "1.9.7",
    "npm:@noble/hashes@^1.8.0": "1.8.0",
    "npm:jose@6": "6.2.12",
    "npm:multiformats@13": "13.4.2"
  },
  "jsr": {
    "@std/assert@1.0.19": {
      "integrity": "eaada96ee120cb980bc47e040f82814d786fe8162ecc53c91d8df60b8755991e",
      "dependencies": [
        "jsr:@std/internal"
      ]
    },
    "@std/internal@1.0.14": {
      "integrity": "291516b3d4c35024d6ffbc0a9df5bf4c64116e05b50012cf846710152d2ffdf7"
    }
  },
  "npm": {
    "@atiproto/atproto-attestation@0.1.0": {
      "integrity": "sha512-qJu889y1+rP5+F0WY1p/oN1PvWOWxY/Rwnx+HS05frtj4SJOZz8slB+3tljcRluHxGgm2lS5MBVWZkwPRla7kA==",
      "dependencies": [
        "@ipld/dag-cbor",
        "@noble/curves",
        "@noble/hashes",
        "multiformats@13.4.2"
      ]
    },
    "@atproto-labs/did-resolver@0.2.0": {
      "integrity": "sha512-y9GOx2gUETynDKmANnBrU5DTf+u0AwKBJpGns1vDDOYMdLdRCFIeYy3UH+TI8YOkcEazjgF5Q3m+LjwriE1KqQ==",
      "dependencies": [
        "@atproto-labs/fetch",
        "@atproto-labs/pipe",
        "@atproto-labs/simple-store",
        "@atproto-labs/simple-store-memory",
        "@atproto/did",
        "zod"
      ]
    },
    "@atproto-labs/fetch@0.2.3": {
      "integrity": "sha512-NZtbJOCbxKUFRFKMpamT38PUQMY0hX0p7TG5AEYOPhZKZEP7dHZ1K2s1aB8MdVH0qxmqX7nQleNrrvLf09Zfdw==",
      "dependencies": [
        "@atproto-labs/pipe"
      ]
    },
    "@atproto-labs/handle-resolver@0.3.0": {
      "integrity": "sha512-TREelvXB6P2eHxx6QjINRkBzUZu/aXWrdY9iN57shQe3C8rzsHNEHHuTVvRa33Hc7vFdQbZN0TnCgKveoyiL/A==",
      "dependencies": [
        "@atproto-labs/simple-store",
        "@atproto-labs/simple-store-memory",
        "@atproto/did",
        "zod"
      ]
    },
    "@atproto-labs/identity-resolver@0.3.0": {
      "integrity": "sha512-ZmmRV6m17kIaX4WllYrFIa7d23lNng0fIk6pLyepRGZobQhM5d4wDezICTESAG+RoD0e5fisWs+Tamdvx3mx/Q==",
      "dependencies": [
        "@atproto-labs/did-resolver",
        "@atproto-labs/handle-resolver"
      ]
    },
    "@atproto-labs/pipe@0.1.1": {
      "integrity": "sha512-hdNw2oUs2B6BN1lp+32pF7cp8EMKuIN5Qok2Vvv/aOpG/3tNSJ9YkvfI0k6Zd188LeDDYRUpYpxcoFIcGH/FNg=="
    },
    "@atproto-labs/simple-store-memory@0.1.3": {
      "integrity": "sha512-jkitT9+AtU+0b28DoN92iURLaCt/q/q4yX8q6V+9LSwYlUTqKoj/5NFKvF7x6EBuG+gpUdlcycbH7e60gjOhRQ==",
      "dependencies": [
        "@atproto-labs/simple-store",
        "lru-cache"
      ]
    },
    "@atproto-labs/simple-store@0.2.0": {
      "integrity": "sha512-0bRbAlI8Ayh03wRwncAMEAyUKtZ+AuTS1jgPrfym1WVOAOiottI/ZmgccqLl6w5MbxVcClNQF7WYGKvGwGoIhA=="
    },
    "@atproto/api@0.16.4": {
      "integrity": "sha512-beAOh0C7uH2F3/BUDUV6lHvxuwRPp+afIneWA9+8iDgkNV2JFuIm769FcjYQ0slXyJ21PxI0IDfOs6Jqtu72Xw==",
      "dependencies": [
        "@atproto/common-web@0.4.21",
        "@atproto/lexicon@0.4.14",
        "@atproto/syntax@0.4.3",
        "@atproto/xrpc@0.7.7",
        "await-lock",
        "multiformats@9.9.0",
        "tlds",
        "zod"
      ]
    },
    "@atproto/common-web@0.2.4": {
      "integrity": "sha512-6+DOhQcTklFmeiSkZRx6iFeqi4OFtGl4yEDGATk00q4tEcPoPvyOBtYHN6+G9lrfJIfx5RfmggamvXlJv1PxxA==",
      "dependencies": [
        "graphemer",
        "multiformats@9.9.0",
        "uint8arrays@3.0.0",
        "zod"
      ]
    },
    "@atproto/common-web@0.4.21": {
      "integrity": "sha512-Odq+wdk3YNasGCjjlpl3bCIPvqYHige5DLfMkIffNv/2PI/iIj5ZvAvMvJlJ59OhReKSxtpI0invx5UQPc3+fw==",
      "dependencies": [
        "@atproto/lex-data@0.0.15",
        "@atproto/lex-json@0.0.16",
        "@atproto/syntax@0.5.4",
        "zod"
      ]
    },
    "@atproto/common-web@0.5.2": {
      "integrity": "sha512-oO0JEvM7MM7iXMngq6V51IJlzBZFhFJoDjnGnQT75EO94/8Q5hnM/LP+a8KyWjcBcpcSZwQ0bukNv9phZONdGA==",
      "dependencies": [
        "@atproto/lex-data@0.1.3",
        "@atproto/lex-json@0.1.2",
        "@atproto/syntax@0.6.3",
        "zod"
      ]
    },
    "@atproto/crypto@0.2.0": {
      "integrity": "sha512-tIGEaj/j5bF5y0ceFWz1K8Ad15LzgEW/5oc8+fJ0f1wcXnl3KBbqEWb5YcPDpDRGvSoqWw5JgRYcrvSUcPT7AA==",
      "dependencies": [
        "@noble/curves",
        "@noble/hashes",
        "uint8arrays@3.0.0"
      ]
    },
    "@atproto/crypto@0.2.3": {
      "integrity": "sha512-tJeFIOOblvknlhkgIYbnAG3P/KBXwgXQAEPG2LPGmqMD0F65uUGChLfoIJGSLmq9OaR5IQtKgbCTZ9Q6yxzy8A==",
      "dependencies": [
        "@noble/curves",
        "@noble/hashes",
        "uint8arrays@3.0.0"
      ]
    },
    "@atproto/did@0.1.5": {
      "integrity": "sha512-8+1D08QdGE5TF0bB0vV8HLVrVZJeLNITpRTUVEoABNMRaUS7CoYSVb0+JNQDeJIVmqMjOL8dOjvCUDkp3gEaGQ==",
      "dependencies": [
        "zod"
      ]
    },
    "@atproto/identity@0.2.1": {
      "integrity": "sha512-daLEYCSOrEaXpsoSAZ1G5mlDs3qT9ZHTFIBip14yHUWB0gVb+/KI9lU+DGSo+RGPlzYF+A5Y+Nni4j3IRVVlSA==",
      "dependencies": [
        "@atproto/common-web@0.2.4",
        "@atproto/crypto@0.2.3",
        "axios",
        "zod"
      ]
    },
    "@atproto/jwk-jose@0.1.10": {
      "integrity": "sha512-Eiu/u4tZHz3IIhHZt0zneYEffSAO3Oqk/ToKwlu1TqKte6sjtPs/4uquSiAAGFYozqgo92JC/AQclWzzkHI5QQ==",
      "dependencies": [
        "@atproto/jwk",
        "jose@5.10.0"
      ]
    },
    "@atproto/jwk-webcrypto@0.1.10": {
      "integrity": "sha512-JZsavs6JiSmw5rgcjkGDwzr1aCJGdybZOjVfYH+m9sXRU1BrUCA30uwNfZY7eFyWXyRAnCFiYiGVZgypXyKotw==",
      "dependencies": [
        "@atproto/jwk",
        "@atproto/jwk-jose",
        "zod"
      ]
    },
    "@atproto/jwk@0.5.0": {
      "integrity": "sha512-Qi2NtEqhkG+uz3CKia4+H05WMV/z//dz3ESo5+cyBKrOnxVTJ5ZubMyltWjoYvy6v/jLhorXdDWcjn07yky7MQ==",
      "dependencies": [
        "multiformats@9.9.0",
        "zod"
      ]
    },
    "@atproto/lex-data@0.0.15": {
      "integrity": "sha512-ZsbGiaM5S3CnGrcTMbDGON3bLZzCi/Mx9UvcMREKSRujnF68eHgMiXxJqvykP7+QpOX6tYCK93axZkuJVhtSEw==",
      "dependencies": [
        "multiformats@9.9.0",
        "tslib",
        "uint8arrays@3.0.0",
        "unicode-segmenter"
      ]
    },
    "@atproto/lex-data@0.1.3": {
      "integrity": "sha512-ysqMYW6cIKce52/+EIbTa+I4pLqZQSBP9aGImN88vAQtd1oZBKPmut6dQk00xSQ8PW9REJRuIHNSFAF4HD+fsw==",
      "dependencies": [
        "multiformats@13.4.2",
        "tslib",
        "uint8arrays@5.1.1",
        "unicode-segmenter"
      ]
    },
    "@atproto/lex-json@0.0.16": {
      "integrity": "sha512-IgLgQ0krshVlrIYZ+heTBDbCnM3LmAgWvsaYn5MxvKA3LcBot3PG3ptdO8VOweVZ+WgCLuo39cz9EbUmIbqdtg==",
      "dependencies": [
        "@atproto/lex-data@0.0.15",
        "tslib"
      ]
    },
    "@atproto/lex-json@0.1.2": {
      "integrity": "sha512-58nIjoWX0c8T5fcoPPmIaShxKZgfPMhNmrprtR7GuN4PzyMwm59A3CLlKAzzR+vjI3IidEMU+enpLuwUT8L+Nw==",
      "dependencies": [
        "@atproto/lex-data@0.1.3",
        "tslib"
      ]
    },
    "@atproto/lexicon@0.4.14": {
      "integrity": "sha512-jiKpmH1QER3Gvc7JVY5brwrfo+etFoe57tKPQX/SmPwjvUsFnJAow5xLIryuBaJgFAhnTZViXKs41t//pahGHQ==",
      "dependencies": [
        "@atproto/common-web@0.4.21",
        "@atproto/syntax@0.4.3",
        "iso-datestring-validator",
        "multiformats@9.9.0",
        "zod"
      ]
    },
    "@atproto/lexicon@0.6.2": {
      "integrity": "sha512-p3Ly6hinVZW0ETuAXZMeUGwuMm3g8HvQMQ41yyEE6AL0hAkfeKFaZKos6BdBrr6CjkpbrDZqE8M+5+QOceysMw==",
      "dependencies": [
        "@atproto/common-web@0.4.21",
        "@atproto/syntax@0.5.4",
        "iso-datestring-validator",
        "multiformats@9.9.0",
        "zod"
      ]
    },
    "@atproto/lexicon@0.7.3": {
      "integrity": "sha512-WP6ct2rjNCKSJN/VFc+8x6JQ7PvRMlfHUlmQM5hzvE3a6nOjm6kwSicjSIV/QldurdRGJ4FCQZ3uZu9Wqt4SxQ==",
      "dependencies": [
        "@atproto/common-web@0.5.2",
        "@atproto/syntax@0.6.3",
        "multiformats@13.4.2",
        "zod"
      ]
    },
    "@atproto/oauth-client-browser@0.3.29": {
      "integrity": "sha512-KzzrJWtNDMTpyImIlHSJUtxzlfrQq6557vrb79iN6Oxt92xKLlVHHmrIPQTPZ6KZ3MgBOgF9N9meC18d+mtlRQ==",
      "dependencies": [
        "@atproto-labs/did-resolver",
        "@atproto-labs/handle-resolver",
        "@atproto-labs/simple-store",
        "@atproto/did",
        "@atproto/jwk",
        "@atproto/jwk-webcrypto",
        "@atproto/oauth-client",
        "@atproto/oauth-types"
      ]
    },
    "@atproto/oauth-client@0.5.3": {
      "integrity": "sha512-QvcyE0kwzCNOFE4a5lDB3VCPjM8vzX0B/7G1nRnaiEqd97ZVbjlMw1/pM2upx+ZP3ducbStqOA2EgF6pLcQ2Rg==",
      "dependencies": [
        "@atproto-labs/did-resolver",
        "@atproto-labs/fetch",
        "@atproto-labs/handle-resolver",
        "@atproto-labs/identity-resolver",
        "@atproto-labs/simple-store",
        "@atproto-labs/simple-store-memory",
        "@atproto/did",
        "@atproto/jwk",
        "@atproto/oauth-types",
        "@atproto/xrpc@0.7.2",
        "multiformats@9.9.0",
        "zod"
      ]
    },
    "@atproto/oauth-types@0.4.1": {
      "integrity": "sha512-c5ixf2ZOzcltOu1fDBnO/tok6Wj7JDDK66+Z0q/+bAr8LXgOnxP7zQfJ+DD4gTkB+saTqsqWtVv8qvx/IEtm1g==",
      "dependencies": [
        "@atproto/jwk",
        "zod"
      ]
    },
    "@atproto/syntax@0.4.3": {
      "integrity": "sha512-YoZUz40YAJr5nPwvCDWgodEOlt5IftZqPJvA0JDWjuZKD8yXddTwSzXSaKQAzGOpuM+/A3uXRtPzJJqlScc+iA==",
      "dependencies": [
        "tslib"
      ]
    },
    "@atproto/syntax@0.5.4": {
      "integrity": "sha512-9XJOpMAgsGFxMEIp8nJ8AIWv+krrY1xQMj+wULbbXhQztQV+9aZ0TbG9Jtn3Op2or8Kr6OqyWR4ga9Z189kKDw==",
      "dependencies": [
        "tslib"
      ]
    },
    "@atproto/syntax@0.6.3": {
      "integrity": "sha512-io7Ck4o+40iFXhetHYoEtok2gZ8cWcJ1yRftEHe5AmAF0dSGcYmclbx5GatVew59taw+eSG7Ty5D3llop/0BhA==",
      "dependencies": [
        "iso-datestring-validator",
        "tslib"
      ]
    },
    "@atproto/xrpc@0.7.2": {
      "integrity": "sha512-cMF4J2EyRpZ3uYN7U5/0tIgRT5hLMlFfkgLzlg8OtQooAzOyC3iAZOsrv9ukexj0Jna/fzavbhlkrWqFSy39Fg==",
      "dependencies": [
        "@atproto/lexicon@0.4.14",
        "zod"
      ]
    },
    "@atproto/xrpc@0.7.7": {
      "integrity": "sha512-K1ZyO/BU8JNtXX5dmPp7b5UrkLMMqpsIa/Lrj5D3Su+j1Xwq1m6QJ2XJ1AgjEjkI1v4Muzm7klianLE6XGxtmA==",
      "dependencies": [
        "@atproto/lexicon@0.6.2",
        "zod"
      ]
    },
    "@atproto/xrpc@0.8.0": {
      "integrity": "sha512-NJy02bIKrWlE2NQkRV1kT0Cj0ixbuxlF/MejBdo4cPWAa9v3oZexvAcjjb0zaOYeABkaU14iyIhvn2G4e/oLpw==",
      "dependencies": [
        "@atproto/lexicon@0.7.3",
        "zod"
      ]
    },
    "@ipld/dag-cbor@9.2.7": {
      "integrity": "sha512-ZmfXmElRWATr+hoUTSAOr6HUcjVhOcNHDqgczc76qte2DHHFEK0ZhNzUcdTDQhF/VSIvf2ioaRTRLWwLc83sNw==",
      "dependencies": [
        "cborg",
        "multiformats@13.4.2"
      ]
    },
    "@noble/curves@1.9.7": {
      "integrity": "sha512-gbKGcRUYIjA3/zCCNaWDciTMFI0dCkvou3TL8Zmy5Nc7sJ47a0jtOeZoTaMxkuqRo9cRhjOdZJXegxYE5FN/xw==",
      "dependencies": [
        "@noble/hashes"
      ]
    },
    "@noble/hashes@1.8.0": {
      "integrity": "sha512-jCs9ldd7NwzpgXDIf6P3+NrHh9/sD6CQdxHyjQI+h/6rDNo88ypBxxz45UDuZHz9r3tNz7N/VInSVoVdtXEI4A=="
    },
    "asynckit@0.4.0": {
      "integrity": "sha512-Oei9OH4tRh0YqU3GxhX79dM/mwVgvbZJaSNaRk+bshkj0S5cfHcgYakreBjrHwatXKbz+IoIdYLxrKim2MjW0Q=="
    },
    "await-lock@2.2.2": {
      "integrity": "sha512-aDczADvlvTGajTDjcjpJMqRkOF6Qdz3YbPZm/PyW6tKPkx2hlYBzxMhEywM/tU72HrVZjgl5VCdRuMlA7pZ8Gw=="
    },
    "axios@0.27.2": {
      "integrity": "sha512-t+yRIyySRTp/wua5xEr+z1q60QmLq8ABsS5O9Me1AsE5dfKqgnCFzwiCZZ/cGNd1lq4/7akDWMxdhVlucjmnOQ==",
      "dependencies": [
        "follow-redirects",
        "form-data"
      ]
    },
    "call-bind-apply-helpers@1.0.2": {
      "integrity": "sha512-Sp1ablJ0ivDkSzjcaJdxEunN5/XvksFJ2sMBFfq6x0ryhQV/2b/KwFe21cMpmHtPOSij8K99/wSfoEuTObmuMQ==",
      "dependencies": [
        "es-errors",
        "function-bind"
      ]
    },
    "cborg@5.1.5": {
      "integrity": "sha512-1qJ/E8jF1dmJlBm6V1z91iWTWfCK9SuCxPDLod+Ne7CMCASOQh346b+487oFt/zoBQW+XS5wNvMgV+7gs5sJJA==",
      "bin": true
    },
    "combined-stream@1.0.8": {
      "integrity": "sha512-FQN4MRfuJeHf7cBbBMJFXhKSDq+2kAArBlmRBvcvFE5BB1HZKXtSFASDhdlz9zOYwxh8lDdnvmMOe/+5cdoEdg==",
      "dependencies": [
        "delayed-stream"
      ]
    },
    "delayed-stream@1.0.0": {
      "integrity": "sha512-ZySD7Nf91aLB0RxL4KGrKHBXl7Eds1DAmEdcoVawXnLD7SDhpNgtuII2aAkg7a7QS41jxPSZ17p4VdGnMHk3MQ=="
    },
    "dunder-proto@1.0.1": {
      "integrity": "sha512-KIN/nDJBQRcXw0MLVhZE9iQHmG68qAVIBg9CqmUYjmQIhgij9U5MFvrqkUL5FbtyyzZuOeOt0zdeRe4UY7ct+A==",
      "dependencies": [
        "call-bind-apply-helpers",
        "es-errors",
        "gopd"
      ]
    },
    "es-define-property@1.0.1": {
      "integrity": "sha512-e3nRfgfUZ4rNGL232gUgX06QNyyez04KdjFrF+LTRoOXmrOgFKDg4BCdsjW8EnT69eqdYGmRpJwiPVYNrCaW3g=="
    },
    "es-errors@1.3.0": {
      "integrity": "sha512-Zf5H2Kxt2xjTvbJvP2ZWLEICxA6j+hAmMzIlypy4xcBg1vKVnx89Wy0GbS+kf5cwCVFFzdCFh2XSCFNULS6csw=="
    },
    "es-object-atoms@1.1.2": {
      "integrity": "sha512-HWcBoN6NileqtSydK2FqHbS/LoDd2pqrnQHLyJzBj4kOp/ky2MWMN694xOfkK8/SnUsW2DH7EfyVlydKCsm1Zw==",
      "dependencies": [
        "es-errors"
      ]
    },
    "es-set-tostringtag@2.1.0": {
      "integrity": "sha512-j6vWzfrGVfyXxge+O0x5sh6cvxAog0a/4Rdd2K36zCMV5eJ+/+tOAngRO8cODMNWbVRdVlmGZQL2YS3yR8bIUA==",
      "dependencies": [
        "es-errors",
        "get-intrinsic",
        "has-tostringtag",
        "hasown"
      ]
    },
    "follow-redirects@1.16.0": {
      "integrity": "sha512-y5rN/uOsadFT/JfYwhxRS5R7Qce+g3zG97+JrtFZlC9klX/W5hD7iiLzScI4nZqUS7DNUdhPgw4xI8W2LuXlUw=="
    },
    "form-data@4.0.6": {
      "integrity": "sha512-vKatAh4SlVfgbv+YtmhiRjhEMJsYpsG1Y2rMQtR+SVSbytsSD1YGzDIcrAJmdFec88u/+VoGmxnl+80gL1tRCQ==",
      "dependencies": [
        "asynckit",
        "combined-stream",
        "es-set-tostringtag",
        "hasown",
        "mime-types"
      ]
    },
    "function-bind@1.1.2": {
      "integrity": "sha512-7XHNxH7qX9xG5mIwxkhumTox/MIRNcOgDrxWsMt2pAr23WHp6MrRlN7FBSFpCpr+oVO0F744iUgR82nJMfG2SA=="
    },
    "get-intrinsic@1.3.0": {
      "integrity": "sha512-9fSjSaos/fRIVIp+xSJlE6lfwhES7LNtKaCBIamHsjr2na1BiABJPo0mOjjz8GJDURarmCPGqaiVg5mfjb98CQ==",
      "dependencies": [
        "call-bind-apply-helpers",
        "es-define-property",
        "es-errors",
        "es-object-atoms",
        "function-bind",
        "get-proto",
        "gopd",
        "has-symbols",
        "hasown",
        "math-intrinsics"
      ]
    },
    "get-proto@1.0.1": {
      "integrity": "sha512-sTSfBjoXBp89JvIKIefqw7U2CCebsc74kiY6awiGogKtoSGbgjYE/G/+l9sF3MWFPNc9IcoOC4ODfKHfxFmp0g==",
      "dependencies": [
        "dunder-proto",
        "es-object-atoms"
      ]
    },
    "gopd@1.2.0": {
      "integrity": "sha512-ZUKRh6/kUFoAiTAtTYPZJ3hw9wNxx+BIBOijnlG9PnrJsCcSjs1wyyD6vJpaYtgnzDrKYRSqf3OO6Rfa93xsRg=="
    },
    "graphemer@1.4.0": {
      "integrity": "sha512-EtKwoO6kxCL9WO5xipiHTZlSzBm7WLT627TqC/uVRd0HKmq8NXyebnNYxDoBi7wt8eTWrUrKXCOVaFq9x1kgag=="
    },
    "has-symbols@1.1.0": {
      "integrity": "sha512-1cDNdwJ2Jaohmb3sg4OmKaMBwuC48sYni5HUw2DvsC8LjGTLK9h+eb1X6RyuOHe4hT0ULCW68iomhjUoKUqlPQ=="
    },
    "has-tostringtag@1.0.2": {
      "integrity": "sha512-NqADB8VjPFLM2V0VvHUewwwsw0ZWBaIdgo+ieHtK3hasLz4qeCRjYcqfB6AQrBggRKppKF8L52/VqdVsO47Dlw==",
      "dependencies": [
        "has-symbols"
      ]
    },
    "hasown@2.0.4": {
      "integrity": "sha512-T2UbfbBEF32wiepXIsMlTW9+dDYC6wMh/t/vYA4tuOMKqWz/n3vr1NFSxQiyP+zk2mXsoMA/i/7qV6LKut1t1A==",
      "dependencies": [
        "function-bind"
      ]
    },
    "iso-datestring-validator@2.2.2": {
      "integrity": "sha512-yLEMkBbLZTlVQqOnQ4FiMujR6T4DEcCb1xizmvXS+OxuhwcbtynoosRzdMA69zZCShCNAbi+gJ71FxZBBXx1SA=="
    },
    "jose@5.10.0": {
      "integrity": "sha512-s+3Al/p9g32Iq+oqXxkW//7jk2Vig6FF1CFqzVXoTUXt2qz89YWbL+OwS17NFYEvxC35n0FKeGO2LGYSxeM2Gg=="
    },
    "jose@6.2.12": {
      "integrity": "sha512-9NiFmJEex0sy2Dk58j2UGBSHgUs2ypF9eZSu4L6vjOX3Dp96Sw1F3uL+H+D1sx02jZZdzUT0HgvCy59CuvXcWw=="
    },
    "lru-cache@10.4.3": {
      "integrity": "sha512-JNAzZcXrCt42VGLuYz0zfAzDfAvJWW6AfYlDBQyDV5DClI2m5sAmK+OIO7s59XfsRsWHp02jAJrRadPRGTt6SQ=="
    },
    "math-intrinsics@1.1.0": {
      "integrity": "sha512-/IXtbwEk5HTPyEwyKX6hGkYXxM9nbj64B+ilVJnC/R6B0pH5G4V3b0pVbL7DBj4tkhBAppbQUlf6F6Xl9LHu1g=="
    },
    "mime-db@1.52.0": {
      "integrity": "sha512-sPU4uV7dYlvtWJxwwxHD0PuihVNiE7TyAbQ5SWxDCB9mUYvOgroQOwYQQOKPJ8CIbE+1ETVlOoK1UC2nU3gYvg=="
    },
    "mime-types@2.1.35": {
      "integrity": "sha512-ZDY+bPm5zTTF+YpCrAU9nK0UgICYPT0QtT1NZWFv4s++TNkcgVaT0g6+4R2uI4MjQjzysHB1zxuWL50hzaeXiw==",
      "dependencies": [
        "mime-db"
      ]
    },
    "multiformats@13.4.2": {
      "integrity": "sha512-eh6eHCrRi1+POZ3dA+Dq1C6jhP1GNtr9CRINMb67OKzqW9I5DUuZM/3jLPlzhgpGeiNUlEGEbkCYChXMCc/8DQ=="
    },
    "multiformats@9.9.0": {
      "integrity": "sha512-HoMUjhH9T8DDBNT+6xzkrd9ga/XiBI4xLr58LJACwK6G3HTOPeMz4nB4KJs33L2BelrIJa7P0VuNaVF3hMYfjg=="
    },
    "tlds@1.261.0": {
      "integrity": "sha512-QXqwfEl9ddlGBaRFXIvNKK6OhipSiLXuRuLJX5DErz0o0Q0rYxulWLdFryTkV5PkdZct5iMInwYEGe/eR++1AA==",
      "bin": true
    },
    "tslib@2.8.1": {
      "integrity": "sha512-oJFu94HQb+KVduSUQL7wnpmqnfmLsOA/nAh6b6EH0wCEoK0/mPeXU6c3wKDV83MkOuHPRHtSXKKU99IBazS/2w=="
    },
    "uint8arrays@3.0.0": {
      "integrity": "sha512-HRCx0q6O9Bfbp+HHSfQQKD7wU70+lydKVt4EghkdOvlK/NlrF90z+eXV34mUd48rNvVJXwkrMSPpCATkct8fJA==",
      "dependencies": [
        "multiformats@9.9.0"
      ]
    },
    "uint8arrays@5.1.1": {
      "integrity": "sha512-9muQwa4wZG4dKi9gMAIBtnk2Pw87SRpvWTH6lOGm19V2Uqxr4uomUf2PGqPnWc+qs06sN8owUU4jfcoWOcfwVQ==",
      "dependencies": [
        "multiformats@13.4.2"
      ]
    },
    "unicode-segmenter@0.14.5": {
      "integrity": "sha512-jHGmj2LUuqDcX3hqY12Ql+uhUTn8huuxNZGq7GvtF6bSybzH3aFgedYu/KTzQStEgt1Ra2F3HxadNXsNjb3m3g=="
    },
    "zod@3.25.76": {
      "integrity": "sha512-gzUt/qt81nXsFGKIFcC3YnfEAx5NkunCfnDlvuBSSFS02bcXu4Lmea0AFIUwbLWxWPx3d9p8S5QoaujKcNQxcQ=="
    }
  },
  "workspace": {
    "dependencies": [
      "jsr:@publicdomainrelay/cloud-init-common@0",
      "jsr:@publicdomainrelay/compute-spa-keypair-noble@0",
      "jsr:@publicdomainrelay/compute-spa-relay-client@0",
      "jsr:@publicdomainrelay/fedproxy-rbac-common@0",
      "jsr:@publicdomainrelay/hostname-helpers@0",
      "jsr:@publicdomainrelay/market-common@0",
      "jsr:@std/assert@^1.0.19",
      "npm:@atiproto/atproto-attestation@0.1.0",
      "npm:@atproto/api@0.16.4",
      "npm:@atproto/crypto@0.2.0",
      "npm:@atproto/identity@0.2.1",
      "npm:@atproto/oauth-client-browser@0.3.29",
      "npm:@atproto/xrpc@0.8.0",
      "npm:@ipld/dag-cbor@9",
      "npm:@noble/curves@^1.9.7",
      "npm:@noble/hashes@^1.8.0",
      "npm:jose@6",
      "npm:multiformats@13"
    ],
    "links": {
      "jsr:@publicdomainrelay/atproto-attestation-port@0.0.0": {
        "dependencies": [
          "npm:@ipld/dag-cbor@^9.2.0",
          "npm:@noble/curves@^1.9.7",
          "npm:@noble/hashes@^1.8.0",
          "npm:multiformats@^13.3.0"
        ]
      },
      "jsr:@publicdomainrelay/atproto-event-stream-abc@0.0.0": {
        "dependencies": [
          "jsr:@publicdomainrelay/atproto-event-stream-common@0",
          "jsr:@publicdomainrelay/logger@0"
        ]
      },
      "jsr:@publicdomainrelay/atproto-event-stream-common@0.0.0": {},
      "jsr:@publicdomainrelay/atproto-event-stream-jetstream@0.0.0": {
        "dependencies": [
          "jsr:@publicdomainrelay/atproto-event-stream-abc@0",
          "jsr:@publicdomainrelay/atproto-event-stream-common@0",
          "jsr:@publicdomainrelay/firehose-watcher-jetstream@0"
        ]
      },
      "jsr:@publicdomainrelay/atproto-event-stream-relay@0.0.0": {
        "dependencies": [
          "jsr:@publicdomainrelay/atproto-event-stream-abc@0",
          "jsr:@publicdomainrelay/atproto-event-stream-common@0",
          "jsr:@publicdomainrelay/firehose-watcher-abc@0",
          "jsr:@publicdomainrelay/firehose-watcher-subscriberepos@0"
        ]
      },
      "jsr:@publicdomainrelay/atproto-event-streams-client@0.0.0": {
        "dependencies": [
          "jsr:@publicdomainrelay/atproto-event-stream-abc@0",
          "jsr:@publicdomainrelay/atproto-event-stream-common@0",
          "jsr:@publicdomainrelay/atproto-event-stream-jetstream@0",
          "jsr:@publicdomainrelay/atproto-event-stream-relay@0",
          "jsr:@publicdomainrelay/logger@0"
        ]
      },
      "jsr:@publicdomainrelay/atproto-helpers@0.0.0": {
        "dependencies": [
          "npm:@atproto/api@~0.20.8",
          "npm:@atproto/common-web@0.5",
          "npm:@atproto/identity@0.5"
        ]
      },
      "jsr:@publicdomainrelay/atproto-oauth-abc@0.0.0": {},
      "jsr:@publicdomainrelay/atproto-oauth-common@0.0.0": {},
      "jsr:@publicdomainrelay/atproto-oauth-fetch@0.0.0": {},
      "jsr:@publicdomainrelay/atproto-oauth-helpers@0.0.0": {
        "dependencies": [
          "npm:@atproto/jwk@~0.7.2",
          "npm:@atproto/oauth-client@~0.7.5"
        ]
      },
      "jsr:@publicdomainrelay/atproto-oauth-server-abc@0.0.0": {},
      "jsr:@publicdomainrelay/atproto-oauth-server-deno@0.0.0": {},
      "jsr:@publicdomainrelay/atproto-relay-abc@0.0.0": {
        "dependencies": [
          "jsr:@publicdomainrelay/atproto-relay-common@0",
          "jsr:@publicdomainrelay/firehose-common@0"
        ]
      },
      "jsr:@publicdomainrelay/atproto-relay-common@0.0.0": {},
      "jsr:@publicdomainrelay/atproto-relay-xrpc@0.0.0": {
        "dependencies": [
          "jsr:@publicdomainrelay/atproto-relay-abc@0",
          "jsr:@publicdomainrelay/atproto-relay-common@0",
          "jsr:@publicdomainrelay/backlog-sequencer@0",
          "jsr:@publicdomainrelay/event-bus@0.1",
          "jsr:@publicdomainrelay/logger@0"
        ]
      },
      "jsr:@publicdomainrelay/atproto-repo-abc@0.0.0": {},
      "jsr:@publicdomainrelay/atproto-repo-common@0.0.0": {},
      "jsr:@publicdomainrelay/atproto-repo-deno@0.0.0": {},
      "jsr:@publicdomainrelay/backlog-sequencer@0.0.0": {
        "dependencies": [
          "jsr:@publicdomainrelay/event-bus@0.1"
        ]
      },
      "jsr:@publicdomainrelay/badge-blue-keys-abc@0.0.0": {},
      "jsr:@publicdomainrelay/badge-blue-keys-atproto@0.0.0": {},
      "jsr:@publicdomainrelay/badge-blue-keys-common@0.0.0": {},
      "jsr:@publicdomainrelay/cli-args-env@0.1.0": {
        "dependencies": [
          "jsr:@cliffy/command@^1.0.0-rc.7"
        ]
      },
      "jsr:@publicdomainrelay/cloud-init-common@0.0.0": {
        "dependencies": [
          "npm:yaml@^2.7.0"
        ]
      },
      "jsr:@publicdomainrelay/cocore-api@0.0.0": {},
      "jsr:@publicdomainrelay/compute-contract-gateway-abc@0.0.0": {
        "dependencies": [
          "jsr:@publicdomainrelay/compute-contract-gateway-common@0"
        ]
      },
      "jsr:@publicdomainrelay/compute-contract-gateway-common@0.0.0": {},
      "jsr:@publicdomainrelay/compute-contract-gateway-xrpc@0.0.0": {
        "dependencies": [
          "jsr:@hono/hono@4",
          "jsr:@publicdomainrelay/atproto-repo-deno@0",
          "jsr:@publicdomainrelay/cli-args-env@0",
          "jsr:@publicdomainrelay/cloud-init-common@0",
          "jsr:@publicdomainrelay/compute-contract-gateway-abc@0",
          "jsr:@publicdomainrelay/compute-contract-gateway-common@0",
          "jsr:@publicdomainrelay/did-key-ingress-proxy@0",
          "jsr:@publicdomainrelay/did-plc@0",
          "jsr:@publicdomainrelay/hono-factory-atproto-repo-deno@0",
          "jsr:@publicdomainrelay/logger@0",
          "jsr:@publicdomainrelay/market-abc@0",
          "jsr:@publicdomainrelay/market-atproto@0",
          "jsr:@publicdomainrelay/market-common@0",
          "jsr:@publicdomainrelay/market-lexicons@0",
          "jsr:@publicdomainrelay/policy-engine-cli-options@0",
          "jsr:@publicdomainrelay/requester-abc@0",
          "jsr:@publicdomainrelay/requester-xrpc@0",
          "jsr:@publicdomainrelay/serve@0",
          "npm:@atproto/crypto@0.5",
          "npm:@atproto/identity@0.5"
        ]
      },
      "jsr:@publicdomainrelay/compute-deno-abc@0.0.0": {
        "dependencies": [
          "jsr:@publicdomainrelay/compute-deno-common@0"
        ]
      },
      "jsr:@publicdomainrelay/compute-deno-atproto@0.0.0": {
        "dependencies": [
          "jsr:@publicdomainrelay/compute-deno-abc@0",
          "jsr:@publicdomainrelay/compute-deno-common@0",
          "jsr:@publicdomainrelay/sandbox-abc@0",
          "jsr:@publicdomainrelay/sandbox-common@0",
          "npm:@atproto/crypto@0.5",
          "npm:@ipld/dag-cbor@^9.2.0"
        ]
      },
      "jsr:@publicdomainrelay/compute-deno-common@0.0.0": {},
      "jsr:@publicdomainrelay/compute-provider-abc@0.0.0": {},
      "jsr:@publicdomainrelay/compute-provider-common@0.0.0": {},
      "jsr:@publicdomainrelay/compute-provider-digitalocean@0.0.0": {
        "dependencies": [
          "jsr:@publicdomainrelay/atproto-helpers@0",
          "jsr:@publicdomainrelay/compute-provider-abc@0",
          "jsr:@publicdomainrelay/oidc-issuer-hono@0",
          "jsr:@publicdomainrelay/serve@0",
          "npm:yaml@^2.7.0"
        ]
      },
      "jsr:@publicdomainrelay/compute-provider-local@0.0.0": {
        "dependencies": [
          "jsr:@publicdomainrelay/atproto-helpers@0",
          "jsr:@publicdomainrelay/compute-provider-abc@0",
          "jsr:@publicdomainrelay/hono-factory-package-registry@0",
          "jsr:@publicdomainrelay/oidc-issuer-hono@0",
          "jsr:@publicdomainrelay/package-store-local-fs@0",
          "jsr:@publicdomainrelay/serve@0",
          "npm:yaml@^2.7.0"
        ]
      },
      "jsr:@publicdomainrelay/compute-spa-keypair-noble@0.0.0": {},
      "jsr:@publicdomainrelay/compute-spa-relay-client@0.0.0": {},
      "jsr:@publicdomainrelay/container-backend-abc@0.0.0": {
        "dependencies": [
          "jsr:@publicdomainrelay/container-backend-common@0"
        ]
      },
      "jsr:@publicdomainrelay/container-backend-common@0.0.0": {},
      "jsr:@publicdomainrelay/container-backend-container@0.0.0": {
        "dependencies": [
          "jsr:@publicdomainrelay/container-backend-abc@0",
          "jsr:@publicdomainrelay/container-backend-common@0"
        ]
      },
      "jsr:@publicdomainrelay/container-backend-docker@0.0.0": {
        "dependencies": [
          "jsr:@publicdomainrelay/container-backend-abc@0",
          "jsr:@publicdomainrelay/container-backend-common@0"
        ]
      },
      "jsr:@publicdomainrelay/delegated-trust-badge-blue-keys@0.0.0": {
        "dependencies": [
          "jsr:@publicdomainrelay/market-lexicons@0",
          "jsr:@publicdomainrelay/trust-graph-abc@0"
        ]
      },
      "jsr:@publicdomainrelay/device-key-abc@0.0.0": {},
      "jsr:@publicdomainrelay/device-key-common@0.0.0": {},
      "jsr:@publicdomainrelay/device-key-webcrypto@0.0.0": {},
      "jsr:@publicdomainrelay/did-key-ingress-proxy-abc@0.0.0": {
        "dependencies": [
          "jsr:@publicdomainrelay/did-key-ingress-proxy-common@0"
        ]
      },
      "jsr:@publicdomainrelay/did-key-ingress-proxy-common@0.0.0": {},
      "jsr:@publicdomainrelay/did-key-ingress-proxy-subscriber-abc@0.0.0": {
        "dependencies": [
          "jsr:@publicdomainrelay/did-key-ingress-proxy-common@0"
        ]
      },
      "jsr:@publicdomainrelay/did-key-ingress-proxy-subscriber-xrpc@0.0.0": {
        "dependencies": [
          "jsr:@publicdomainrelay/did-key-ingress-proxy-common@0",
          "jsr:@publicdomainrelay/did-key-ingress-proxy-subscriber-abc@0",
          "jsr:@publicdomainrelay/logger@0"
        ]
      },
      "jsr:@publicdomainrelay/did-key-ingress-proxy-xrpc@0.0.0": {
        "dependencies": [
          "jsr:@publicdomainrelay/did-key-ingress-proxy-abc@0",
          "jsr:@publicdomainrelay/did-key-ingress-proxy-common@0",
          "npm:@atproto/crypto@0.5"
        ]
      },
      "jsr:@publicdomainrelay/did-key-ingress-proxy@0.0.0": {
        "dependencies": [
          "jsr:@publicdomainrelay/atproto-repo-deno@0",
          "jsr:@publicdomainrelay/did-key-ingress-proxy-common@0",
          "jsr:@publicdomainrelay/did-key-ingress-proxy-subscriber-abc@0",
          "jsr:@publicdomainrelay/did-key-ingress-proxy-subscriber-xrpc@0",
          "jsr:@publicdomainrelay/hono-factory-did-key-ingress-proxy-subscriber-xrpc@0",
          "jsr:@publicdomainrelay/hostname-helpers@0",
          "jsr:@publicdomainrelay/logger@0",
          "jsr:@publicdomainrelay/serve@0"
        ]
      },
      "jsr:@publicdomainrelay/did-plc@0.0.0": {
        "dependencies": [
          "npm:@ipld/dag-cbor@9",
          "npm:multiformats@13"
        ]
      },
      "jsr:@publicdomainrelay/event-bus@0.1.0": {},
      "jsr:@publicdomainrelay/fedproxy-rbac-common@0.0.0": {},
      "jsr:@publicdomainrelay/firehose-common@0.0.0": {},
      "jsr:@publicdomainrelay/firehose-watcher-abc@0.0.0": {
        "dependencies": [
          "jsr:@publicdomainrelay/logger@0"
        ]
      },
      "jsr:@publicdomainrelay/firehose-watcher-jetstream@0.0.0": {
        "dependencies": [
          "jsr:@publicdomainrelay/firehose-watcher-abc@0"
        ]
      },
      "jsr:@publicdomainrelay/firehose-watcher-subscriberepos@0.0.0": {
        "dependencies": [
          "jsr:@publicdomainrelay/firehose-common@0",
          "jsr:@publicdomainrelay/firehose-watcher-abc@0"
        ]
      },
      "jsr:@publicdomainrelay/guest-capability-abc@0.0.0": {
        "dependencies": [
          "jsr:@publicdomainrelay/cloud-init-common@0",
          "jsr:@publicdomainrelay/fedproxy-rbac-common@0"
        ]
      },
      "jsr:@publicdomainrelay/guest-capability-secrets@0.0.0": {
        "dependencies": [
          "jsr:@publicdomainrelay/did-key-ingress-proxy@0",
          "jsr:@publicdomainrelay/guest-capability-abc@0",
          "jsr:@publicdomainrelay/hono-factory-secrets-oidc@0",
          "jsr:@publicdomainrelay/logger@0",
          "jsr:@publicdomainrelay/secrets-common@0",
          "jsr:@publicdomainrelay/secrets-oidc@0",
          "jsr:@publicdomainrelay/serve@0",
          "npm:@atproto/crypto@0.5"
        ]
      },
      "jsr:@publicdomainrelay/hono-did-key-ingress-proxy-tunnel-subscriber@0.0.0": {
        "dependencies": [
          "jsr:@publicdomainrelay/did-key-ingress-proxy-subscriber-xrpc@0",
          "npm:@atproto/crypto@0.5"
        ]
      },
      "jsr:@publicdomainrelay/hono-error-middleware@0.1.0": {
        "dependencies": [
          "jsr:@hono/hono@4",
          "jsr:@publicdomainrelay/logger@0"
        ]
      },
      "jsr:@publicdomainrelay/hono-factory-atproto-relay-xrpc@0.0.0": {
        "dependencies": [
          "jsr:@publicdomainrelay/atproto-relay-abc@0",
          "jsr:@publicdomainrelay/atproto-relay-common@0",
          "jsr:@publicdomainrelay/atproto-relay-xrpc@0",
          "jsr:@publicdomainrelay/firehose-common@0",
          "jsr:@publicdomainrelay/hono-error-middleware@0.1",
          "jsr:@publicdomainrelay/hostname-helpers@0.1",
          "jsr:@publicdomainrelay/logger@0"
        ]
      },
      "jsr:@publicdomainrelay/hono-factory-atproto-repo-deno@0.0.0": {},
      "jsr:@publicdomainrelay/hono-factory-compute-contract-gateway-xrpc@0.0.0": {
        "dependencies": [
          "jsr:@hono/hono@4",
          "jsr:@publicdomainrelay/compute-contract-gateway-abc@0",
          "jsr:@publicdomainrelay/compute-contract-gateway-common@0",
          "jsr:@publicdomainrelay/logger@0",
          "jsr:@publicdomainrelay/market-atproto@0",
          "npm:@atproto/identity@0.5"
        ]
      },
      "jsr:@publicdomainrelay/hono-factory-compute-deno-atproto@0.0.0": {
        "dependencies": [
          "jsr:@hono/hono@4",
          "jsr:@publicdomainrelay/compute-deno-abc@0",
          "jsr:@publicdomainrelay/compute-deno-atproto@0",
          "jsr:@publicdomainrelay/compute-deno-common@0",
          "jsr:@publicdomainrelay/hono-error-middleware@0",
          "jsr:@publicdomainrelay/sandbox-abc@0"
        ]
      },
      "jsr:@publicdomainrelay/hono-factory-compute-provider-digitalocean@0.0.0": {
        "dependencies": [
          "npm:hono@4"
        ]
      },
      "jsr:@publicdomainrelay/hono-factory-compute-provider-local@0.0.0": {
        "dependencies": [
          "jsr:@publicdomainrelay/compute-provider-abc@0",
          "npm:hono@4"
        ]
      },
      "jsr:@publicdomainrelay/hono-factory-did-key-ingress-proxy-subscriber-xrpc@0.0.0": {
        "dependencies": [
          "jsr:@publicdomainrelay/did-key-ingress-proxy-common@0",
          "jsr:@publicdomainrelay/did-key-ingress-proxy-subscriber-xrpc@0"
        ]
      },
      "jsr:@publicdomainrelay/hono-factory-did-key-ingress-proxy-xrpc@0.0.0": {
        "dependencies": [
          "jsr:@hono/hono@*",
          "jsr:@publicdomainrelay/did-key-ingress-proxy-abc@0",
          "jsr:@publicdomainrelay/did-key-ingress-proxy-common@0",
          "jsr:@publicdomainrelay/did-key-ingress-proxy-xrpc@0",
          "jsr:@publicdomainrelay/logger@0"
        ]
      },
      "jsr:@publicdomainrelay/hono-factory-did-plc-directory@0.0.0": {
        "dependencies": [
          "jsr:@hono/hono@4",
          "jsr:@publicdomainrelay/did-plc@0",
          "npm:@ipld/dag-cbor@^9.2.0",
          "npm:multiformats@^13.3.0"
        ]
      },
      "jsr:@publicdomainrelay/hono-factory-market-atproto@0.0.0": {
        "dependencies": [
          "jsr:@hono/hono@4",
          "jsr:@publicdomainrelay/market-atproto@0",
          "jsr:@publicdomainrelay/market-common@0",
          "jsr:@publicdomainrelay/market-lexicons@0"
        ]
      },
      "jsr:@publicdomainrelay/hono-factory-market-settlement-free@0.0.0": {
        "dependencies": [
          "jsr:@hono/hono@4",
          "jsr:@publicdomainrelay/market-atproto@0",
          "jsr:@publicdomainrelay/market-common@0",
          "jsr:@publicdomainrelay/market-settlement-free@0"
        ]
      },
      "jsr:@publicdomainrelay/hono-factory-market-settlement-x402@0.0.0": {
        "dependencies": [
          "jsr:@hono/hono@4",
          "jsr:@publicdomainrelay/market-atproto@0",
          "jsr:@publicdomainrelay/market-common@0",
          "jsr:@publicdomainrelay/market-settlement-x402@0"
        ]
      },
      "jsr:@publicdomainrelay/hono-factory-package-registry@0.0.0": {
        "dependencies": [
          "jsr:@publicdomainrelay/package-store-abc@0",
          "npm:hono@^4.12.23"
        ]
      },
      "jsr:@publicdomainrelay/hono-factory-policy-engine@0.0.0": {
        "dependencies": [
          "jsr:@publicdomainrelay/policy-common@0",
          "jsr:@publicdomainrelay/policy-deno-typescript-shared@0",
          "jsr:@publicdomainrelay/policy-engine-abc@0",
          "jsr:@publicdomainrelay/policy-engine-evaluator@0",
          "jsr:@publicdomainrelay/policy-engine-scope-cache@0"
        ]
      },
      "jsr:@publicdomainrelay/hono-factory-requester-xrpc@0.0.0": {
        "dependencies": [
          "jsr:@hono/hono@4",
          "jsr:@publicdomainrelay/logger@0",
          "jsr:@publicdomainrelay/market-atproto@0",
          "jsr:@publicdomainrelay/market-common@0",
          "jsr:@publicdomainrelay/requester-abc@0",
          "npm:@atproto/identity@0.5"
        ]
      },
      "jsr:@publicdomainrelay/hono-factory-sandbox-deno@0.0.0": {
        "dependencies": [
          "jsr:@publicdomainrelay/sandbox-abc@0",
          "jsr:@publicdomainrelay/sandbox-deno@0"
        ]
      },
      "jsr:@publicdomainrelay/hono-factory-secrets-oidc@0.0.0": {
        "dependencies": [
          "jsr:@hono/hono@4",
          "jsr:@publicdomainrelay/secrets-common@0",
          "jsr:@publicdomainrelay/secrets-oidc@0"
        ]
      },
      "jsr:@publicdomainrelay/hono-factory-static-files-fs@0.1.0": {
        "dependencies": [
          "jsr:@hono/hono@4",
          "jsr:@publicdomainrelay/event-bus@0",
          "jsr:@publicdomainrelay/hono-error-middleware@0",
          "jsr:@publicdomainrelay/http-error@0",
          "jsr:@publicdomainrelay/logger@0"
        ]
      },
      "jsr:@publicdomainrelay/hono-http-static@0.1.0": {
        "dependencies": [
          "jsr:@publicdomainrelay/cli-args-env@0",
          "jsr:@publicdomainrelay/event-bus@0",
          "jsr:@publicdomainrelay/hono-factory-static-files-fs@0",
          "jsr:@publicdomainrelay/logger@0",
          "jsr:@publicdomainrelay/serve@0"
        ]
      },
      "jsr:@publicdomainrelay/hostname-helpers@0.1.0": {},
      "jsr:@publicdomainrelay/http-error@0.1.0": {},
      "jsr:@publicdomainrelay/logger@0.2.0": {},
      "jsr:@publicdomainrelay/market-abc@0.0.0": {},
      "jsr:@publicdomainrelay/market-atproto@0.0.0": {
        "dependencies": [
          "npm:@atproto/api@~0.20.8",
          "npm:@atproto/common-web@0.5",
          "npm:@atproto/crypto@0.5",
          "npm:@atproto/identity@0.5",
          "npm:@atproto/xrpc-server@~0.11.1",
          "npm:@atproto/xrpc@0.7"
        ]
      },
      "jsr:@publicdomainrelay/market-bidder-abc@0.0.0": {},
      "jsr:@publicdomainrelay/market-bidder-agent@0.0.0": {},
      "jsr:@publicdomainrelay/market-bidder-compute@0.0.0": {},
      "jsr:@publicdomainrelay/market-bidder-keys@0.0.0": {},
      "jsr:@publicdomainrelay/market-bidder-worker@0.0.0": {},
      "jsr:@publicdomainrelay/market-bidder@0.0.0": {},
      "jsr:@publicdomainrelay/market-common@0.0.0": {},
      "jsr:@publicdomainrelay/market-lexicons@0.0.0": {
        "dependencies": [
          "npm:@atproto/lex@~0.1.3"
        ]
      },
      "jsr:@publicdomainrelay/market-settlement-free@0.0.0": {},
      "jsr:@publicdomainrelay/market-settlement-x402@0.0.0": {},
      "jsr:@publicdomainrelay/oauth-scope@0.0.0": {},
      "jsr:@publicdomainrelay/oauth-server-common@0.0.0": {},
      "jsr:@publicdomainrelay/oidc-issuer-abc@0.0.0": {
        "dependencies": [
          "jsr:@publicdomainrelay/logger@0"
        ]
      },
      "jsr:@publicdomainrelay/oidc-issuer-hono@0.0.0": {
        "dependencies": [
          "jsr:@publicdomainrelay/logger@0.2",
          "jsr:@publicdomainrelay/oidc-issuer-abc@0",
          "jsr:@publicdomainrelay/rbac-atproto@0",
          "npm:hono@4",
          "npm:jose@5",
          "npm:yaml@^2.7.0"
        ]
      },
      "jsr:@publicdomainrelay/operator-discovery-badge-blue-keys@0.0.0": {
        "dependencies": [
          "jsr:@publicdomainrelay/market-lexicons@0",
          "jsr:@publicdomainrelay/trust-graph-abc@0"
        ]
      },
      "jsr:@publicdomainrelay/package-store-abc@0.0.0": {},
      "jsr:@publicdomainrelay/package-store-composite@0.0.0": {
        "dependencies": [
          "jsr:@publicdomainrelay/package-store-abc@0"
        ]
      },
      "jsr:@publicdomainrelay/package-store-local-fs@0.0.0": {
        "dependencies": [
          "jsr:@publicdomainrelay/package-store-abc@0"
        ]
      },
      "jsr:@publicdomainrelay/package-store-remote-git@0.0.0": {
        "dependencies": [
          "jsr:@publicdomainrelay/package-store-abc@0"
        ]
      },
      "jsr:@publicdomainrelay/policies-gha-lite@0.0.0": {
        "dependencies": [
          "jsr:@publicdomainrelay/policy-deno-typescript-shared@0"
        ]
      },
      "jsr:@publicdomainrelay/policy-common@0.0.0": {},
      "jsr:@publicdomainrelay/policy-deno-typescript-shared@0.0.0": {
        "dependencies": [
          "npm:@atproto/common-web@0.5",
          "npm:@atproto/identity@0.5"
        ]
      },
      "jsr:@publicdomainrelay/policy-deno-typescript@0.0.0": {
        "dependencies": [
          "jsr:@publicdomainrelay/policy-deno-typescript-shared@0",
          "jsr:@std/cli@1"
        ]
      },
      "jsr:@publicdomainrelay/policy-engine-abc@0.0.0": {
        "dependencies": [
          "jsr:@publicdomainrelay/policy-common@0"
        ]
      },
      "jsr:@publicdomainrelay/policy-engine-cli-options@0.0.0": {
        "dependencies": [
          "jsr:@publicdomainrelay/policy-common@0"
        ]
      },
      "jsr:@publicdomainrelay/policy-engine-evaluator@0.0.0": {
        "dependencies": [
          "jsr:@publicdomainrelay/policy-common@0",
          "jsr:@publicdomainrelay/policy-deno-typescript-shared@0",
          "jsr:@publicdomainrelay/policy-engine-abc@0",
          "jsr:@publicdomainrelay/policy-engine-scope-cache@0"
        ]
      },
      "jsr:@publicdomainrelay/policy-engine-executor-gha-lite@0.0.0": {
        "dependencies": [
          "jsr:@publicdomainrelay/policy-common@0",
          "jsr:@publicdomainrelay/policy-engine-abc@0",
          "jsr:@publicdomainrelay/policy-engine-server-gha-lite@0"
        ]
      },
      "jsr:@publicdomainrelay/policy-engine-executor-typescript@0.0.0": {
        "dependencies": [
          "jsr:@publicdomainrelay/policy-common@0",
          "jsr:@publicdomainrelay/policy-deno-typescript-shared@0",
          "jsr:@publicdomainrelay/policy-deno-typescript@0",
          "jsr:@publicdomainrelay/policy-engine-abc@0"
        ]
      },
      "jsr:@publicdomainrelay/policy-engine-scope-cache@0.0.0": {
        "dependencies": [
          "jsr:@publicdomainrelay/policy-common@0"
        ]
      },
      "jsr:@publicdomainrelay/policy-engine-server-gha-lite@0.0.0": {
        "dependencies": [
          "jsr:@hono/hono@^4.6.0",
          "jsr:@std/assert@1",
          "jsr:@std/cli@1",
          "jsr:@std/fs@1",
          "jsr:@std/path@1",
          "jsr:@std/uuid@1",
          "jsr:@std/yaml@1"
        ]
      },
      "jsr:@publicdomainrelay/policy-seeder-atproto@0.0.0": {
        "dependencies": [
          "jsr:@publicdomainrelay/policies-gha-lite@0",
          "jsr:@publicdomainrelay/policy-common@0",
          "jsr:@publicdomainrelay/policy-engine-abc@0"
        ]
      },
      "jsr:@publicdomainrelay/qemu-standalone@0.0.0": {},
      "jsr:@publicdomainrelay/rbac-atproto@0.0.0": {
        "dependencies": [
          "jsr:@publicdomainrelay/compute-provider-abc@0",
          "jsr:@publicdomainrelay/oidc-issuer-abc@0"
        ]
      },
      "jsr:@publicdomainrelay/requester-abc@0.0.0": {
        "dependencies": [
          "jsr:@publicdomainrelay/cloud-init-common@0",
          "jsr:@publicdomainrelay/logger@0",
          "jsr:@publicdomainrelay/policy-common@0",
          "jsr:@publicdomainrelay/serve@0"
        ]
      },
      "jsr:@publicdomainrelay/requester-xrpc@0.0.0": {
        "dependencies": [
          "jsr:@publicdomainrelay/atproto-repo-abc@0",
          "jsr:@publicdomainrelay/atproto-repo-deno@0",
          "jsr:@publicdomainrelay/cloud-init-common@0",
          "jsr:@publicdomainrelay/did-key-ingress-proxy@0",
          "jsr:@publicdomainrelay/did-plc@0",
          "jsr:@publicdomainrelay/fedproxy-rbac-common@0",
          "jsr:@publicdomainrelay/guest-capability-abc@0",
          "jsr:@publicdomainrelay/hono-factory-atproto-repo-deno@0",
          "jsr:@publicdomainrelay/logger@0",
          "jsr:@publicdomainrelay/market-abc@0",
          "jsr:@publicdomainrelay/market-atproto@0",
          "jsr:@publicdomainrelay/market-common@0",
          "jsr:@publicdomainrelay/market-lexicons@0",
          "jsr:@publicdomainrelay/operator-discovery-badge-blue-keys@0",
          "jsr:@publicdomainrelay/policies-gha-lite@0",
          "jsr:@publicdomainrelay/policy-deno-typescript@0",
          "jsr:@publicdomainrelay/policy-engine-abc@0",
          "jsr:@publicdomainrelay/policy-engine-cli-options@0",
          "jsr:@publicdomainrelay/policy-engine-evaluator@0",
          "jsr:@publicdomainrelay/policy-engine-executor-gha-lite@0",
          "jsr:@publicdomainrelay/policy-engine-executor-typescript@0",
          "jsr:@publicdomainrelay/requester-abc@0",
          "jsr:@publicdomainrelay/serve@0",
          "jsr:@publicdomainrelay/trust-graph-tangled-graph@0",
          "npm:@atproto/common-web@0.5",
          "npm:@atproto/common@0.5",
          "npm:@atproto/crypto@0.5",
          "npm:@atproto/identity@0.5"
        ]
      },
      "jsr:@publicdomainrelay/sandbox-abc@0.0.0": {},
      "jsr:@publicdomainrelay/sandbox-common@0.0.0": {
        "dependencies": [
          "jsr:@publicdomainrelay/cli-args-env@0"
        ]
      },
      "jsr:@publicdomainrelay/sandbox-deno@0.0.0": {
        "dependencies": [
          "jsr:@publicdomainrelay/sandbox-abc@0.0.0",
          "jsr:@publicdomainrelay/sandbox-common@0"
        ]
      },
      "jsr:@publicdomainrelay/secret-store-chain@0.0.0": {},
      "jsr:@publicdomainrelay/secret-store-filesystem@0.0.0": {},
      "jsr:@publicdomainrelay/secret-store-gnome@0.0.0": {},
      "jsr:@publicdomainrelay/secret-store-win32@0.0.0": {
        "dependencies": [
          "jsr:@publicdomainrelay/device-key-abc@0",
          "jsr:@publicdomainrelay/logger@0"
        ]
      },
      "jsr:@publicdomainrelay/secrets-common@0.0.0": {},
      "jsr:@publicdomainrelay/secrets-oidc@0.0.0": {
        "dependencies": [
          "jsr:@publicdomainrelay/oidc-issuer-abc@0",
          "jsr:@publicdomainrelay/rbac-atproto@0",
          "jsr:@publicdomainrelay/secrets-common@0",
          "npm:jose@5"
        ]
      },
      "jsr:@publicdomainrelay/serve@0.0.0": {
        "dependencies": [
          "jsr:@hono/hono@4",
          "jsr:@publicdomainrelay/logger@0"
        ]
      },
      "jsr:@publicdomainrelay/tls-localhost@0.0.0": {},
      "jsr:@publicdomainrelay/trust-graph-abc@0.0.0": {},
      "jsr:@publicdomainrelay/trust-graph-bsky-mutuals@0.0.0": {
        "dependencies": [
          "jsr:@publicdomainrelay/trust-graph-abc@0"
        ]
      },
      "jsr:@publicdomainrelay/trust-graph-tangled-graph@0.0.0": {
        "dependencies": [
          "jsr:@publicdomainrelay/market-common@0",
          "jsr:@publicdomainrelay/trust-graph-abc@0"
        ]
      },
      "jsr:@publicdomainrelay/tunnel-subscriber-common@0.0.0": {},
      "jsr:@publicdomainrelay/utils-attestation-key@0.0.0": {},
      "jsr:@publicdomainrelay/ws-reconnect@0.0.0": {
        "dependencies": [
          "jsr:@publicdomainrelay/logger@0"
        ]
      }
    }
  }
}
